<?xml version="1.0" encoding="UTF-8" standalone="yes" ?>
<CodeBlocks_project_file>
	<FileVersion major="1" minor="6" />
	<Project>
		<Option title="dairy" />
		<Option pch_mode="2" />
		<Option compiler="gcc" />
		<Build>
			<Target title="Debug">
				<Option output="bin\Debug\dairy" prefix_auto="1" extension_auto="1" />
				<Option object_output="obj\Debug\" />
				<Option type="3" />
				<Option compiler="gcc" />
				<Compiler>
					<Add option="-Wall" />
					<Add option="-g" />
					<Add directory="C:\tools\R\R-2.10.0\include" />
				</Compiler>
				<Linker>
					<Add library="C:\tools\R\R-2.10.0\bin\Rlapack.dll" />
					<Add library="C:\tools\R\R-2.10.0\bin\R.dll" />
				</Linker>
			</Target>
		</Build>
		<Compiler>
			<Add directory="C:\Programmer\R\R-2.9.1\include" />
		</Compiler>
		<Unit filename="..\src\basicdt.hh" />
		<Unit filename="..\src\bodyweight.cc" />
		<Unit filename="..\src\bodyweight.hh" />
		<Unit filename="..\src\dairymodel.cc" />
		<Unit filename="..\src\dairymodel.hh" />
		<Unit filename="..\src\rmain.cc" />
		<Extensions>
			<code_completion />
			<envvars />
			<debugger />
			<lib_finder disable_auto="1" />
		</Extensions>
	</Project>
</CodeBlocks_project_file>
